// !$*UTF8*$!
{
	archiveVersion = 1;
	classes = {
	};
	objectVersion = 48;
	objects = {

/* Begin PBXBuildFile section */
		E854ED901FF2058D00FC18B0 /* ProductCell.swift in Sources */ = {isa = PBXBuildFile; fileRef = E854ED8F1FF2058D00FC18B0 /* ProductCell.swift */; };
		E854ED921FF20AFD00FC18B0 /* Product.swift in Sources */ = {isa = PBXBuildFile; fileRef = E854ED911FF20AFD00FC18B0 /* Product.swift */; };
		E854ED941FF2159C00FC18B0 /* ProductsVC.swift in Sources */ = {isa = PBXBuildFile; fileRef = E854ED931FF2159C00FC18B0 /* ProductsVC.swift */; };
		E868D18A1FEED5F600C90044 /* AppDelegate.swift in Sources */ = {isa = PBXBuildFile; fileRef = E868D1891FEED5F600C90044 /* AppDelegate.swift */; };
		E868D18C1FEED5F600C90044 /* CategoriesVC.swift in Sources */ = {isa = PBXBuildFile; fileRef = E868D18B1FEED5F600C90044 /* CategoriesVC.swift */; };
		E868D18F1FEED5F600C90044 /* Main.storyboard in Resources */ = {isa = PBXBuildFile; fileRef = E868D18D1FEED5F600C90044 /* Main.storyboard */; };
		E868D1911FEED5F600C90044 /* Assets.xcassets in Resources */ = {isa = PBXBuildFile; fileRef = E868D1901FEED5F600C90044 /* Assets.xcassets */; };
		E868D1941FEED5F600C90044 /* LaunchScreen.storyboard in Resources */ = {isa = PBXBuildFile; fileRef = E868D1921FEED5F600C90044 /* LaunchScreen.storyboard */; };
		E8A3417E1FF09918002685F5 /* CategoryCell.swift in Sources */ = {isa = PBXBuildFile; fileRef = E8A3417D1FF09918002685F5 /* CategoryCell.swift */; };
		E8A341801FF09D5D002685F5 /* Category.swift in Sources */ = {isa = PBXBuildFile; fileRef = E8A3417F1FF09D5D002685F5 /* Category.swift */; };
		E8A341831FF0A059002685F5 /* DataService.swift in Sources */ = {isa = PBXBuildFile; fileRef = E8A341821FF0A059002685F5 /* DataService.swift */; };
/* End PBXBuildFile section */

/* Begin PBXFileReference section */
		E854ED8F1FF2058D00FC18B0 /* ProductCell.swift */ = {isa = PBXFileReference; lastKnownFileType = sourcecode.swift; path = ProductCell.swift; sourceTree = "<group>"; };
		E854ED911FF20AFD00FC18B0 /* Product.swift */ = {isa = PBXFileReference; lastKnownFileType = sourcecode.swift; path = Product.swift; sourceTree = "<group>"; };
		E854ED931FF2159C00FC18B0 /* ProductsVC.swift */ = {isa = PBXFileReference; lastKnownFileType = sourcecode.swift; path = ProductsVC.swift; sourceTree = "<group>"; };
		E868D1861FEED5F600C90044 /* Coder-Swag.app */ = {isa = PBXFileReference; explicitFileType = wrapper.application; includeInIndex = 0; path = "Coder-Swag.app"; sourceTree = BUILT_PRODUCTS_DIR; };
		E868D1891FEED5F600C90044 /* AppDelegate.swift */ = {isa = PBXFileReference; lastKnownFileType = sourcecode.swift; path = AppDelegate.swift; sourceTree = "<group>"; };
		E868D18B1FEED5F600C90044 /* CategoriesVC.swift */ = {isa = PBXFileReference; lastKnownFileType = sourcecode.swift; path = CategoriesVC.swift; sourceTree = "<group>"; };
		E868D18E1FEED5F600C90044 /* Base */ = {isa = PBXFileReference; lastKnownFileType = file.storyboard; name = Base; path = Base.lproj/Main.storyboard; sourceTree = "<group>"; };
		E868D1901FEED5F600C90044 /* Assets.xcassets */ = {isa = PBXFileReference; lastKnownFileType = folder.assetcatalog; path = Assets.xcassets; sourceTree = "<group>"; };
		E868D1931FEED5F600C90044 /* Base */ = {isa = PBXFileReference; lastKnownFileType = file.storyboard; name = Base; path = Base.lproj/LaunchScreen.storyboard; sourceTree = "<group>"; };
		E868D1951FEED5F600C90044 /* Info.plist */ = {isa = PBXFileReference; lastKnownFileType = text.plist.xml; path = Info.plist; sourceTree = "<group>"; };
		E8A3417D1FF09918002685F5 /* CategoryCell.swift */ = {isa = PBXFileReference; lastKnownFileType = sourcecode.swift; path = CategoryCell.swift; sourceTree = "<group>"; };
		E8A3417F1FF09D5D002685F5 /* Category.swift */ = {isa = PBXFileReference; lastKnownFileType = sourcecode.swift; path = Category.swift; sourceTree = "<group>"; };
		E8A341821FF0A059002685F5 /* DataService.swift */ = {isa = PBXFileReference; lastKnownFileType = sourcecode.swift; path = DataService.swift; sourceTree = "<group>"; };
/* End PBXFileReference section */

/* Begin PBXFrameworksBuildPhase section */
		E868D1831FEED5F600C90044 /* Frameworks */ = {
			isa = PBXFrameworksBuildPhase;
			buildActionMask = 2147483647;
			files = (
			);
			runOnlyForDeploymentPostprocessing = 0;
		};
/* End PBXFrameworksBuildPhase section */

/* Begin PBXGroup section */
		E868D17D1FEED5F600C90044 = {
			isa = PBXGroup;
			children = (
				E868D1881FEED5F600C90044 /* Coder-Swag */,
				E868D1871FEED5F600C90044 /* Products */,
			);
			sourceTree = "<group>";
		};
		E868D1871FEED5F600C90044 /* Products */ = {
			isa = PBXGroup;
			children = (
				E868D1861FEED5F600C90044 /* Coder-Swag.app */,
			);
			name = Products;
			sourceTree = "<group>";
		};
		E868D1881FEED5F600C90044 /* Coder-Swag */ = {
			isa = PBXGroup;
			children = (
				E8A341811FF0A037002685F5 /* Services */,
				E8A3417C1FF09855002685F5 /* View */,
				E8A3417B1FF097FA002685F5 /* Model */,
				E868D19B1FEED79800C90044 /* Controller */,
				E868D1891FEED5F600C90044 /* AppDelegate.swift */,
				E868D18D1FEED5F600C90044 /* Main.storyboard */,
				E868D1901FEED5F600C90044 /* Assets.xcassets */,
				E868D1921FEED5F600C90044 /* LaunchScreen.storyboard */,
				E868D1951FEED5F600C90044 /* Info.plist */,
			);
			path = "Coder-Swag";
			sourceTree = "<group>";
		};
		E868D19B1FEED79800C90044 /* Controller */ = {
			isa = PBXGroup;
			children = (
				E868D18B1FEED5F600C90044 /* CategoriesVC.swift */,
				E854ED931FF2159C00FC18B0 /* ProductsVC.swift */,
			);
			path = Controller;
			sourceTree = "<group>";
		};
		E8A3417B1FF097FA002685F5 /* Model */ = {
			isa = PBXGroup;
			children = (
				E8A3417F1FF09D5D002685F5 /* Category.swift */,
				E854ED911FF20AFD00FC18B0 /* Product.swift */,
			);
			path = Model;
			sourceTree = "<group>";
		};
		E8A3417C1FF09855002685F5 /* View */ = {
			isa = PBXGroup;
			children = (
				E8A3417D1FF09918002685F5 /* CategoryCell.swift */,
				E854ED8F1FF2058D00FC18B0 /* ProductCell.swift */,
			);
			path = View;
			sourceTree = "<group>";
		};
		E8A341811FF0A037002685F5 /* Services */ = {
			isa = PBXGroup;
			children = (
				E8A341821FF0A059002685F5 /* DataService.swift */,
			);
			path = Services;
			sourceTree = "<group>";
		};
/* End PBXGroup section */

/* Begin PBXNativeTarget section */
		E868D1851FEED5F600C90044 /* Coder-Swag */ = {
			isa = PBXNativeTarget;
			buildConfigurationList = E868D1981FEED5F600C90044 /* Build configuration list for PBXNativeTarget "Coder-Swag" */;
			buildPhases = (
				E868D1821FEED5F600C90044 /* Sources */,
				E868D1831FEED5F600C90044 /* Frameworks */,
				E868D1841FEED5F600C90044 /* Resources */,
			);
			buildRules = (
			);
			dependencies = (
			);
			name = "Coder-Swag";
			productName = "Coder-Swag";
			productReference = E868D1861FEED5F600C90044 /* Coder-Swag.app */;
			productType = "com.apple.product-type.application";
		};
/* End PBXNativeTarget section */

/* Begin PBXProject section */
		E868D17E1FEED5F600C90044 /* Project object */ = {
			isa = PBXProject;
			attributes = {
				LastSwiftUpdateCheck = 0900;
				LastUpgradeCheck = 0900;
				ORGANIZATIONNAME = "Youssef Wahba";
				TargetAttributes = {
					E868D1851FEED5F600C90044 = {
						CreatedOnToolsVersion = 9.0;
						ProvisioningStyle = Automatic;
					};
				};
			};
			buildConfigurationList = E868D1811FEED5F600C90044 /* Build configuration list for PBXProject "Coder-Swag" */;
			compatibilityVersion = "Xcode 8.0";
			developmentRegion = en;
			hasScannedForEncodings = 0;
			knownRegions = (
				en,
				Base,
			);
			mainGroup = E868D17D1FEED5F600C90044;
			productRefGroup = E868D1871FEED5F600C90044 /* Products */;
			projectDirPath = "";
			projectRoot = "";
			targets = (
				E868D1851FEED5F600C90044 /* Coder-Swag */,
			);
		};
/* End PBXProject section */

/* Begin PBXResourcesBuildPhase section */
		E868D1841FEED5F600C90044 /* Resources */ = {
			isa = PBXResourcesBuildPhase;
			buildActionMask = 2147483647;
			files = (
				E868D1941FEED5F600C90044 /* LaunchScreen.storyboard in Resources */,
				E868D1911FEED5F600C90044 /* Assets.xcassets in Resources */,
				E868D18F1FEED5F600C90044 /* Main.storyboard in Resources */,
			);
			runOnlyForDeploymentPostprocessing = 0;
		};
/* End PBXResourcesBuildPhase section */

/* Begin PBXSourcesBuildPhase section */
		E868D1821FEED5F600C90044 /* Sources */ = {
			isa = PBXSourcesBuildPhase;
			buildActionMask = 2147483647;
			files = (
				E868D18C1FEED5F600C90044 /* CategoriesVC.swift in Sources */,
				E868D18A1FEED5F600C90044 /* AppDelegate.swift in Sources */,
				E8A3417E1FF09918002685F5 /* CategoryCell.swift in Sources */,
				E854ED921FF20AFD00FC18B0 /* Product.swift in Sources */,
				E854ED941FF2159C00FC18B0 /* ProductsVC.swift in Sources */,
				E854ED901FF2058D00FC18B0 /* ProductCell.swift in Sources */,
				E8A341801FF09D5D002685F5 /* Category.swift in Sources */,
				E8A341831FF0A059002685F5 /* DataService.swift in Sources */,
			);
			runOnlyForDeploymentPostprocessing = 0;
		};
/* End PBXSourcesBuildPhase section */

/* Begin PBXVariantGroup section */
		E868D18D1FEED5F600C90044 /* Main.storyboard */ = {
			isa = PBXVariantGroup;
			children = (
				E868D18E1FEED5F600C90044 /* Base */,
			);
			name = Main.storyboard;
			sourceTree = "<group>";
		};
		E868D1921FEED5F600C90044 /* LaunchScreen.storyboard */ = {
			isa = PBXVariantGroup;
			children = (
				E868D1931FEED5F600C90044 /* Base */,
			);
			name = LaunchScreen.storyboard;
			sourceTree = "<group>";
		};
/* End PBXVariantGroup section */

/* Begin XCBuildConfiguration section */
		E868D1961FEED5F600C90044 /* Debug */ = {
			isa = XCBuildConfiguration;
			buildSettings = {
				ALWAYS_SEARCH_USER_PATHS = NO;
				CLANG_ANALYZER_NONNULL = YES;
				CLANG_ANALYZER_NUMBER_OBJECT_CONVERSION = YES_AGGRESSIVE;
				CLANG_CXX_LANGUAGE_STANDARD = "gnu++14";
				CLANG_CXX_LIBRARY = "libc++";
				CLANG_ENABLE_MODULES = YES;
				CLANG_ENABLE_OBJC_ARC = YES;
				CLANG_WARN_BLOCK_CAPTURE_AUTORELEASING = YES;
				CLANG_WARN_BOOL_CONVERSION = YES;
				CLANG_WARN_COMMA = YES;
				CLANG_WARN_CONSTANT_CONVERSION = YES;
				CLANG_WARN_DIRECT_OBJC_ISA_USAGE = YES_ERROR;
				CLANG_WARN_DOCUMENTATION_COMMENTS = YES;
				CLANG_WARN_EMPTY_BODY = YES;
				CLANG_WARN_ENUM_CONVERSION = YES;
				CLANG_WARN_INFINITE_RECURSION = YES;
				CLANG_WARN_INT_CONVERSION = YES;
				CLANG_WARN_NON_LITERAL_NULL_CONVERSION = YES;
				CLANG_WARN_OBJC_LITERAL_CONVERSION = YES;
				CLANG_WARN_OBJC_ROOT_CLASS = YES_ERROR;
				CLANG_WARN_RANGE_LOOP_ANALYSIS = YES;
				CLANG_WARN_STRICT_PROTOTYPES = YES;
				CLANG_WARN_SUSPICIOUS_MOVE = YES;
				CLANG_WARN_UNGUARDED_AVAILABILITY = YES_AGGRESSIVE;
				CLANG_WARN_UNREACHABLE_CODE = YES;
				CLANG_WARN__DUPLICATE_METHOD_MATCH = YES;
				CODE_SIGN_IDENTITY = "iPhone Developer";
				COPY_PHASE_STRIP = NO;
				DEBUG_INFORMATION_FORMAT = dwarf;
				ENABLE_STRICT_OBJC_MSGSEND = YES;
				ENABLE_TESTABILITY = YES;
				GCC_C_LANGUAGE_STANDARD = gnu11;
				GCC_DYNAMIC_NO_PIC = NO;
				GCC_NO_COMMON_BLOCKS = YES;
				GCC_OPTIMIZATION_LEVEL = 0;
				GCC_PREPROCESSOR_DEFINITIONS = (
					"DEBUG=1",
					"$(inherited)",
				);
				GCC_WARN_64_TO_32_BIT_CONVERSION = YES;
				GCC_WARN_ABOUT_RETURN_TYPE = YES_ERROR;
				GCC_WARN_UNDECLARED_SELECTOR = YES;
				GCC_WARN_UNINITIALIZED_AUTOS = YES_AGGRESSIVE;
				GCC_WARN_UNUSED_FUNCTION = YES;
				GCC_WARN_UNUSED_VARIABLE = YES;
				IPHONEOS_DEPLOYMENT_TARGET = 11.0;
				MTL_ENABLE_DEBUG_INFO = YES;
				ONLY_ACTIVE_ARCH = YES;
				SDKROOT = iphoneos;
				SWIFT_ACTIVE_COMPILATION_CONDITIONS = DEBUG;
				SWIFT_OPTIMIZATION_LEVEL = "-Onone";
			};
			name = Debug;
		};
		E868D1971FEED5F600C90044 /* Release */ = {
			isa = XCBuildConfiguration;
			buildSettings = {
				ALWAYS_SEARCH_USER_PATHS = NO;
				CLANG_ANALYZER_NONNULL = YES;
				CLANG_ANALYZER_NUMBER_OBJECT_CONVERSION = YES_AGGRESSIVE;
				CLANG_CXX_LANGUAGE_STANDARD = "gnu++14";
				CLANG_CXX_LIBRARY = "libc++";
				CLANG_ENABLE_MODULES = YES;
				CLANG_ENABLE_OBJC_ARC = YES;
				CLANG_WARN_BLOCK_CAPTURE_AUTORELEASING = YES;
				CLANG_WARN_BOOL_CONVERSION = YES;
				CLANG_WARN_COMMA = YES;
				CLANG_WARN_CONSTANT_CONVERSION = YES;
				CLANG_WARN_DIRECT_OBJC_ISA_USAGE = YES_ERROR;
				CLANG_WARN_DOCUMENTATION_COMMENTS = YES;
				CLANG_WARN_EMPTY_BODY = YES;
				CLANG_WARN_ENUM_CONVERSION = YES;
				CLANG_WARN_INFINITE_RECURSION = YES;
				CLANG_WARN_INT_CONVERSION = YES;
				CLANG_WARN_NON_LITERAL_NULL_CONVERSION = YES;
				CLANG_WARN_OBJC_LITERAL_CONVERSION = YES;
				CLANG_WARN_OBJC_ROOT_CLASS = YES_ERROR;
				CLANG_WARN_RANGE_LOOP_ANALYSIS = YES;
				CLANG_WARN_STRICT_PROTOTYPES = YES;
				CLANG_WARN_SUSPICIOUS_MOVE = YES;
				CLANG_WARN_UNGUARDED_AVAILABILITY = YES_AGGRESSIVE;
				CLANG_WARN_UNREACHABLE_CODE = YES;
				CLANG_WARN__DUPLICATE_METHOD_MATCH = YES;
				CODE_SIGN_IDENTITY = "iPhone Developer";
				COPY_PHASE_STRIP = NO;
				DEBUG_INFORMATION_FORMAT = "dwarf-with-dsym";
				ENABLE_NS_ASSERTIONS = NO;
				ENABLE_STRICT_OBJC_MSGSEND = YES;
				GCC_C_LANGUAGE_STANDARD = gnu11;
				GCC_NO_COMMON_BLOCKS = YES;
				GCC_WARN_64_TO_32_BIT_CONVERSION = YES;
				GCC_WARN_ABOUT_RETURN_TYPE = YES_ERROR;
				GCC_WARN_UNDECLARED_SELECTOR = YES;
				GCC_WARN_UNINITIALIZED_AUTOS = YES_AGGRESSIVE;
				GCC_WARN_UNUSED_FUNCTION = YES;
				GCC_WARN_UNUSED_VARIABLE = YES;
				IPHONEOS_DEPLOYMENT_TARGET = 11.0;
				MTL_ENABLE_DEBUG_INFO = NO;
				SDKROOT = iphoneos;
				SWIFT_OPTIMIZATION_LEVEL = "-Owholemodule";
				VALIDATE_PRODUCT = YES;
			};
			name = Release;
		};
		E868D1991FEED5F600C90044 /* Debug */ = {
			isa = XCBuildConfiguration;
			buildSettings = {
				ASSETCATALOG_COMPILER_APPICON_NAME = AppIcon;
				CODE_SIGN_STYLE = Automatic;
				DEVELOPMENT_TEAM = 6S94B699FS;
				INFOPLIST_FILE = "Coder-Swag/Info.plist";
				IPHONEOS_DEPLOYMENT_TARGET = 11.2;
				LD_RUNPATH_SEARCH_PATHS = "$(inherited) @executable_path/Frameworks";
				PRODUCT_BUNDLE_IDENTIFIER = "youssef.Coder-Swag";
				PRODUCT_NAME = "$(TARGET_NAME)";
				SWIFT_VERSION = 4.0;
				TARGETED_DEVICE_FAMILY = "1,2";
			};
			name = Debug;
		};
		E868D19A1FEED5F600C90044 /* Release */ = {
			isa = XCBuildConfiguration;
			buildSettings = {
				ASSETCATALOG_COMPILER_APPICON_NAME = AppIcon;
				CODE_SIGN_STYLE = Automatic;
				DEVELOPMENT_TEAM = 6S94B699FS;
				INFOPLIST_FILE = "Coder-Swag/Info.plist";
				IPHONEOS_DEPLOYMENT_TARGET = 11.2;
				LD_RUNPATH_SEARCH_PATHS = "$(inherited) @executable_path/Frameworks";
				PRODUCT_BUNDLE_IDENTIFIER = "youssef.Coder-Swag";
				PRODUCT_NAME = "$(TARGET_NAME)";
				SWIFT_VERSION = 4.0;
				TARGETED_DEVICE_FAMILY = "1,2";
			};
			name = Release;
		};
/* End XCBuildConfiguration section */

/* Begin XCConfigurationList section */
		E868D1811FEED5F600C90044 /* Build configuration list for PBXProject "Coder-Swag" */ = {
			isa = XCConfigurationList;
			buildConfigurations = (
				E868D1961FEED5F600C90044 /* Debug */,
				E868D1971FEED5F600C90044 /* Release */,
			);
			defaultConfigurationIsVisible = 0;
			defaultConfigurationName = Release;
		};
		E868D1981FEED5F600C90044 /* Build configuration list for PBXNativeTarget "Coder-Swag" */ = {
			isa = XCConfigurationList;
			buildConfigurations = (
				E868D1991FEED5F600C90044 /* Debug */,
				E868D19A1FEED5F600C90044 /* Release */,
			);
			defaultConfigurationIsVisible = 0;
			defaultConfigurationName = Release;
		};
/* End XCConfigurationList section */
	};
	rootObject = E868D17E1FEED5F600C90044 /* Project object */;
}
